
Microsoft Visual Studio Solution File, Format Version 12.00
# Visual Studio Version 17
VisualStudioVersion = 17.5.002.0
MinimumVisualStudioVersion = 10.0.40219.1
Project("{9A19103F-16F7-4668-BE54-9A1E7A4F7556}") = "Identity", "Identity.csproj", "{96B76998-4399-487A-B865-93AA8AD22E7E}"
EndProject
Global
	GlobalSection(SolutionConfigurationPlatforms) = preSolution
		Debug|Any CPU = Debug|Any CPU
		Release|Any CPU = Release|Any CPU
	EndGlobalSection
	GlobalSection(ProjectConfigurationPlatforms) = postSolution
		{96B76998-4399-487A-B865-93AA8AD22E7E}.Debug|Any CPU.ActiveCfg = Debug|Any CPU
		{96B76998-4399-487A-B865-93AA8AD22E7E}.Debug|Any CPU.Build.0 = Debug|Any CPU
		{96B76998-4399-487A-B865-93AA8AD22E7E}.Release|Any CPU.ActiveCfg = Release|Any CPU
		{96B76998-4399-487A-B865-93AA8AD22E7E}.Release|Any CPU.Build.0 = Release|Any CPU
	EndGlobalSection
	GlobalSection(SolutionProperties) = preSolution
		HideSolutionNode = FALSE
	EndGlobalSection
	GlobalSection(ExtensibilityGlobals) = postSolution
		SolutionGuid = {F5E1EB21-BAF9-4203-B97C-47E2C7D6D8D8}
	EndGlobalSection
EndGlobal
